
Microsoft Visual Studio Solution File, Format Version 12.00
# Visual Studio Version 16
VisualStudioVersion = 16.0.31005.135
MinimumVisualStudioVersion = 10.0.40219.1
Project("{FAE04EC0-301F-11D3-BF4B-00C04F79EFBC}") = "TotalCommander", "TotalCommander.csproj", "{68880879-21AC-4A25-B0BC-1CA874196FDE}"
EndProject
Global
	GlobalSection(SolutionConfigurationPlatforms) = preSolution
		Debug|Any CPU = Debug|Any CPU
		Release|Any CPU = Release|Any CPU
	EndGlobalSection
	GlobalSection(ProjectConfigurationPlatforms) = postSolution
		{68880879-21AC-4A25-B0BC-1CA874196FDE}.Debug|Any CPU.ActiveCfg = Debug|Any CPU
		{68880879-21AC-4A25-B0BC-1CA874196FDE}.Debug|Any CPU.Build.0 = Debug|Any CPU
		{68880879-21AC-4A25-B0BC-1CA874196FDE}.Release|Any CPU.ActiveCfg = Release|Any CPU
		{68880879-21AC-4A25-B0BC-1CA874196FDE}.Release|Any CPU.Build.0 = Release|Any CPU
	EndGlobalSection
	GlobalSection(SolutionProperties) = preSolution
		HideSolutionNode = FALSE
	EndGlobalSection
	GlobalSection(ExtensibilityGlobals) = postSolution
		SolutionGuid = {2737CA52-B310-4432-AFEC-75914F46E76D}
	EndGlobalSection
EndGlobal
