
Microsoft Visual Studio Solution File, Format Version 12.00
# Visual Studio Version 16
VisualStudioVersion = 16.0.31005.135
MinimumVisualStudioVersion = 10.0.40219.1
Project("{FAE04EC0-301F-11D3-BF4B-00C04F79EFBC}") = "TotalCommanderWPF", "TotalCommanderWPF.csproj", "{6C61F37E-038A-4336-936A-675D6A158CBE}"
EndProject
Global
	GlobalSection(SolutionConfigurationPlatforms) = preSolution
		Debug|Any CPU = Debug|Any CPU
		Release|Any CPU = Release|Any CPU
	EndGlobalSection
	GlobalSection(ProjectConfigurationPlatforms) = postSolution
		{6C61F37E-038A-4336-936A-675D6A158CBE}.Debug|Any CPU.ActiveCfg = Debug|Any CPU
		{6C61F37E-038A-4336-936A-675D6A158CBE}.Debug|Any CPU.Build.0 = Debug|Any CPU
		{6C61F37E-038A-4336-936A-675D6A158CBE}.Release|Any CPU.ActiveCfg = Release|Any CPU
		{6C61F37E-038A-4336-936A-675D6A158CBE}.Release|Any CPU.Build.0 = Release|Any CPU
	EndGlobalSection
	GlobalSection(SolutionProperties) = preSolution
		HideSolutionNode = FALSE
	EndGlobalSection
	GlobalSection(ExtensibilityGlobals) = postSolution
		SolutionGuid = {44595FAA-B548-410A-BF99-E17D05C24A16}
	EndGlobalSection
EndGlobal
